// !$*UTF8*$!
{
	archiveVersion = 1;
	classes = {
	};
	objectVersion = 55;
	objects = {

/* Begin PBXBuildFile section */
		7D43CE6C274296F1006A010D /* Intermediate_swiftApp.swift in Sources */ = {isa = PBXBuildFile; fileRef = 7D43CE6B274296F1006A010D /* Intermediate_swiftApp.swift */; };
		7D43CE6E274296F1006A010D /* ContentView.swift in Sources */ = {isa = PBXBuildFile; fileRef = 7D43CE6D274296F1006A010D /* ContentView.swift */; };
		7D43CE70274296F2006A010D /* Assets.xcassets in Resources */ = {isa = PBXBuildFile; fileRef = 7D43CE6F274296F2006A010D /* Assets.xcassets */; };
		7D43CE73274296F2006A010D /* Preview Assets.xcassets in Resources */ = {isa = PBXBuildFile; fileRef = 7D43CE72274296F2006A010D /* Preview Assets.xcassets */; };
		7D43CE7D274296F2006A010D /* Intermediate_swiftTests.swift in Sources */ = {isa = PBXBuildFile; fileRef = 7D43CE7C274296F2006A010D /* Intermediate_swiftTests.swift */; };
		7D43CE87274296F2006A010D /* Intermediate_swiftUITests.swift in Sources */ = {isa = PBXBuildFile; fileRef = 7D43CE86274296F2006A010D /* Intermediate_swiftUITests.swift */; };
		7D43CE89274296F2006A010D /* Intermediate_swiftUITestsLaunchTests.swift in Sources */ = {isa = PBXBuildFile; fileRef = 7D43CE88274296F2006A010D /* Intermediate_swiftUITestsLaunchTests.swift */; };
		7D43CE9627429716006A010D /* Operators.swift in Sources */ = {isa = PBXBuildFile; fileRef = 7D43CE9527429716006A010D /* Operators.swift */; };
		7D43CE982743D398006A010D /* Generics.swift in Sources */ = {isa = PBXBuildFile; fileRef = 7D43CE972743D398006A010D /* Generics.swift */; };
/* End PBXBuildFile section */

/* Begin PBXContainerItemProxy section */
		7D43CE79274296F2006A010D /* PBXContainerItemProxy */ = {
			isa = PBXContainerItemProxy;
			containerPortal = 7D43CE60274296F1006A010D /* Project object */;
			proxyType = 1;
			remoteGlobalIDString = 7D43CE67274296F1006A010D;
			remoteInfo = Intermediate_swift;
		};
		7D43CE83274296F2006A010D /* PBXContainerItemProxy */ = {
			isa = PBXContainerItemProxy;
			containerPortal = 7D43CE60274296F1006A010D /* Project object */;
			proxyType = 1;
			remoteGlobalIDString = 7D43CE67274296F1006A010D;
			remoteInfo = Intermediate_swift;
		};
/* End PBXContainerItemProxy section */

/* Begin PBXFileReference section */
		7D43CE68274296F1006A010D /* Intermediate_swift.app */ = {isa = PBXFileReference; explicitFileType = wrapper.application; includeInIndex = 0; path = Intermediate_swift.app; sourceTree = BUILT_PRODUCTS_DIR; };
		7D43CE6B274296F1006A010D /* Intermediate_swiftApp.swift */ = {isa = PBXFileReference; lastKnownFileType = sourcecode.swift; path = Intermediate_swiftApp.swift; sourceTree = "<group>"; };
		7D43CE6D274296F1006A010D /* ContentView.swift */ = {isa = PBXFileReference; lastKnownFileType = sourcecode.swift; path = ContentView.swift; sourceTree = "<group>"; };
		7D43CE6F274296F2006A010D /* Assets.xcassets */ = {isa = PBXFileReference; lastKnownFileType = folder.assetcatalog; path = Assets.xcassets; sourceTree = "<group>"; };
		7D43CE72274296F2006A010D /* Preview Assets.xcassets */ = {isa = PBXFileReference; lastKnownFileType = folder.assetcatalog; path = "Preview Assets.xcassets"; sourceTree = "<group>"; };
		7D43CE78274296F2006A010D /* Intermediate_swiftTests.xctest */ = {isa = PBXFileReference; explicitFileType = wrapper.cfbundle; includeInIndex = 0; path = Intermediate_swiftTests.xctest; sourceTree = BUILT_PRODUCTS_DIR; };
		7D43CE7C274296F2006A010D /* Intermediate_swiftTests.swift */ = {isa = PBXFileReference; lastKnownFileType = sourcecode.swift; path = Intermediate_swiftTests.swift; sourceTree = "<group>"; };
		7D43CE82274296F2006A010D /* Intermediate_swiftUITests.xctest */ = {isa = PBXFileReference; explicitFileType = wrapper.cfbundle; includeInIndex = 0; path = Intermediate_swiftUITests.xctest; sourceTree = BUILT_PRODUCTS_DIR; };
		7D43CE86274296F2006A010D /* Intermediate_swiftUITests.swift */ = {isa = PBXFileReference; lastKnownFileType = sourcecode.swift; path = Intermediate_swiftUITests.swift; sourceTree = "<group>"; };
		7D43CE88274296F2006A010D /* Intermediate_swiftUITestsLaunchTests.swift */ = {isa = PBXFileReference; lastKnownFileType = sourcecode.swift; path = Intermediate_swiftUITestsLaunchTests.swift; sourceTree = "<group>"; };
		7D43CE9527429716006A010D /* Operators.swift */ = {isa = PBXFileReference; lastKnownFileType = sourcecode.swift; path = Operators.swift; sourceTree = "<group>"; };
		7D43CE972743D398006A010D /* Generics.swift */ = {isa = PBXFileReference; lastKnownFileType = sourcecode.swift; path = Generics.swift; sourceTree = "<group>"; };
/* End PBXFileReference section */

/* Begin PBXFrameworksBuildPhase section */
		7D43CE65274296F1006A010D /* Frameworks */ = {
			isa = PBXFrameworksBuildPhase;
			buildActionMask = 2147483647;
			files = (
			);
			runOnlyForDeploymentPostprocessing = 0;
		};
		7D43CE75274296F2006A010D /* Frameworks */ = {
			isa = PBXFrameworksBuildPhase;
			buildActionMask = 2147483647;
			files = (
			);
			runOnlyForDeploymentPostprocessing = 0;
		};
		7D43CE7F274296F2006A010D /* Frameworks */ = {
			isa = PBXFrameworksBuildPhase;
			buildActionMask = 2147483647;
			files = (
			);
			runOnlyForDeploymentPostprocessing = 0;
		};
/* End PBXFrameworksBuildPhase section */

/* Begin PBXGroup section */
		7D43CE5F274296F1006A010D = {
			isa = PBXGroup;
			children = (
				7D43CE6A274296F1006A010D /* Intermediate_swift */,
				7D43CE7B274296F2006A010D /* Intermediate_swiftTests */,
				7D43CE85274296F2006A010D /* Intermediate_swiftUITests */,
				7D43CE69274296F1006A010D /* Products */,
			);
			sourceTree = "<group>";
		};
		7D43CE69274296F1006A010D /* Products */ = {
			isa = PBXGroup;
			children = (
				7D43CE68274296F1006A010D /* Intermediate_swift.app */,
				7D43CE78274296F2006A010D /* Intermediate_swiftTests.xctest */,
				7D43CE82274296F2006A010D /* Intermediate_swiftUITests.xctest */,
			);
			name = Products;
			sourceTree = "<group>";
		};
		7D43CE6A274296F1006A010D /* Intermediate_swift */ = {
			isa = PBXGroup;
			children = (
				7D43CE6B274296F1006A010D /* Intermediate_swiftApp.swift */,
				7D43CE6D274296F1006A010D /* ContentView.swift */,
				7D43CE9527429716006A010D /* Operators.swift */,
				7D43CE6F274296F2006A010D /* Assets.xcassets */,
				7D43CE71274296F2006A010D /* Preview Content */,
				7D43CE972743D398006A010D /* Generics.swift */,
			);
			path = Intermediate_swift;
			sourceTree = "<group>";
		};
		7D43CE71274296F2006A010D /* Preview Content */ = {
			isa = PBXGroup;
			children = (
				7D43CE72274296F2006A010D /* Preview Assets.xcassets */,
			);
			path = "Preview Content";
			sourceTree = "<group>";
		};
		7D43CE7B274296F2006A010D /* Intermediate_swiftTests */ = {
			isa = PBXGroup;
			children = (
				7D43CE7C274296F2006A010D /* Intermediate_swiftTests.swift */,
			);
			path = Intermediate_swiftTests;
			sourceTree = "<group>";
		};
		7D43CE85274296F2006A010D /* Intermediate_swiftUITests */ = {
			isa = PBXGroup;
			children = (
				7D43CE86274296F2006A010D /* Intermediate_swiftUITests.swift */,
				7D43CE88274296F2006A010D /* Intermediate_swiftUITestsLaunchTests.swift */,
			);
			path = Intermediate_swiftUITests;
			sourceTree = "<group>";
		};
/* End PBXGroup section */

/* Begin PBXNativeTarget section */
		7D43CE67274296F1006A010D /* Intermediate_swift */ = {
			isa = PBXNativeTarget;
			buildConfigurationList = 7D43CE8C274296F2006A010D /* Build configuration list for PBXNativeTarget "Intermediate_swift" */;
			buildPhases = (
				7D43CE64274296F1006A010D /* Sources */,
				7D43CE65274296F1006A010D /* Frameworks */,
				7D43CE66274296F1006A010D /* Resources */,
			);
			buildRules = (
			);
			dependencies = (
			);
			name = Intermediate_swift;
			productName = Intermediate_swift;
			productReference = 7D43CE68274296F1006A010D /* Intermediate_swift.app */;
			productType = "com.apple.product-type.application";
		};
		7D43CE77274296F2006A010D /* Intermediate_swiftTests */ = {
			isa = PBXNativeTarget;
			buildConfigurationList = 7D43CE8F274296F2006A010D /* Build configuration list for PBXNativeTarget "Intermediate_swiftTests" */;
			buildPhases = (
				7D43CE74274296F2006A010D /* Sources */,
				7D43CE75274296F2006A010D /* Frameworks */,
				7D43CE76274296F2006A010D /* Resources */,
			);
			buildRules = (
			);
			dependencies = (
				7D43CE7A274296F2006A010D /* PBXTargetDependency */,
			);
			name = Intermediate_swiftTests;
			productName = Intermediate_swiftTests;
			productReference = 7D43CE78274296F2006A010D /* Intermediate_swiftTests.xctest */;
			productType = "com.apple.product-type.bundle.unit-test";
		};
		7D43CE81274296F2006A010D /* Intermediate_swiftUITests */ = {
			isa = PBXNativeTarget;
			buildConfigurationList = 7D43CE92274296F2006A010D /* Build configuration list for PBXNativeTarget "Intermediate_swiftUITests" */;
			buildPhases = (
				7D43CE7E274296F2006A010D /* Sources */,
				7D43CE7F274296F2006A010D /* Frameworks */,
				7D43CE80274296F2006A010D /* Resources */,
			);
			buildRules = (
			);
			dependencies = (
				7D43CE84274296F2006A010D /* PBXTargetDependency */,
			);
			name = Intermediate_swiftUITests;
			productName = Intermediate_swiftUITests;
			productReference = 7D43CE82274296F2006A010D /* Intermediate_swiftUITests.xctest */;
			productType = "com.apple.product-type.bundle.ui-testing";
		};
/* End PBXNativeTarget section */

/* Begin PBXProject section */
		7D43CE60274296F1006A010D /* Project object */ = {
			isa = PBXProject;
			attributes = {
				BuildIndependentTargetsInParallel = 1;
				LastSwiftUpdateCheck = 1310;
				LastUpgradeCheck = 1310;
				TargetAttributes = {
					7D43CE67274296F1006A010D = {
						CreatedOnToolsVersion = 13.1;
					};
					7D43CE77274296F2006A010D = {
						CreatedOnToolsVersion = 13.1;
						TestTargetID = 7D43CE67274296F1006A010D;
					};
					7D43CE81274296F2006A010D = {
						CreatedOnToolsVersion = 13.1;
						TestTargetID = 7D43CE67274296F1006A010D;
					};
				};
			};
			buildConfigurationList = 7D43CE63274296F1006A010D /* Build configuration list for PBXProject "Intermediate_swift" */;
			compatibilityVersion = "Xcode 13.0";
			developmentRegion = en;
			hasScannedForEncodings = 0;
			knownRegions = (
				en,
				Base,
			);
			mainGroup = 7D43CE5F274296F1006A010D;
			productRefGroup = 7D43CE69274296F1006A010D /* Products */;
			projectDirPath = "";
			projectRoot = "";
			targets = (
				7D43CE67274296F1006A010D /* Intermediate_swift */,
				7D43CE77274296F2006A010D /* Intermediate_swiftTests */,
				7D43CE81274296F2006A010D /* Intermediate_swiftUITests */,
			);
		};
/* End PBXProject section */

/* Begin PBXResourcesBuildPhase section */
		7D43CE66274296F1006A010D /* Resources */ = {
			isa = PBXResourcesBuildPhase;
			buildActionMask = 2147483647;
			files = (
				7D43CE73274296F2006A010D /* Preview Assets.xcassets in Resources */,
				7D43CE70274296F2006A010D /* Assets.xcassets in Resources */,
			);
			runOnlyForDeploymentPostprocessing = 0;
		};
		7D43CE76274296F2006A010D /* Resources */ = {
			isa = PBXResourcesBuildPhase;
			buildActionMask = 2147483647;
			files = (
			);
			runOnlyForDeploymentPostprocessing = 0;
		};
		7D43CE80274296F2006A010D /* Resources */ = {
			isa = PBXResourcesBuildPhase;
			buildActionMask = 2147483647;
			files = (
			);
			runOnlyForDeploymentPostprocessing = 0;
		};
/* End PBXResourcesBuildPhase section */

/* Begin PBXSourcesBuildPhase section */
		7D43CE64274296F1006A010D /* Sources */ = {
			isa = PBXSourcesBuildPhase;
			buildActionMask = 2147483647;
			files = (
				7D43CE6E274296F1006A010D /* ContentView.swift in Sources */,
				7D43CE982743D398006A010D /* Generics.swift in Sources */,
				7D43CE6C274296F1006A010D /* Intermediate_swiftApp.swift in Sources */,
				7D43CE9627429716006A010D /* Operators.swift in Sources */,
			);
			runOnlyForDeploymentPostprocessing = 0;
		};
		7D43CE74274296F2006A010D /* Sources */ = {
			isa = PBXSourcesBuildPhase;
			buildActionMask = 2147483647;
			files = (
				7D43CE7D274296F2006A010D /* Intermediate_swiftTests.swift in Sources */,
			);
			runOnlyForDeploymentPostprocessing = 0;
		};
		7D43CE7E274296F2006A010D /* Sources */ = {
			isa = PBXSourcesBuildPhase;
			buildActionMask = 2147483647;
			files = (
				7D43CE87274296F2006A010D /* Intermediate_swiftUITests.swift in Sources */,
				7D43CE89274296F2006A010D /* Intermediate_swiftUITestsLaunchTests.swift in Sources */,
			);
			runOnlyForDeploymentPostprocessing = 0;
		};
/* End PBXSourcesBuildPhase section */

/* Begin PBXTargetDependency section */
		7D43CE7A274296F2006A010D /* PBXTargetDependency */ = {
			isa = PBXTargetDependency;
			target = 7D43CE67274296F1006A010D /* Intermediate_swift */;
			targetProxy = 7D43CE79274296F2006A010D /* PBXContainerItemProxy */;
		};
		7D43CE84274296F2006A010D /* PBXTargetDependency */ = {
			isa = PBXTargetDependency;
			target = 7D43CE67274296F1006A010D /* Intermediate_swift */;
			targetProxy = 7D43CE83274296F2006A010D /* PBXContainerItemProxy */;
		};
/* End PBXTargetDependency section */

/* Begin XCBuildConfiguration section */
		7D43CE8A274296F2006A010D /* Debug */ = {
			isa = XCBuildConfiguration;
			buildSettings = {
				ALWAYS_SEARCH_USER_PATHS = NO;
				CLANG_ANALYZER_NONNULL = YES;
				CLANG_ANALYZER_NUMBER_OBJECT_CONVERSION = YES_AGGRESSIVE;
				CLANG_CXX_LANGUAGE_STANDARD = "gnu++17";
				CLANG_CXX_LIBRARY = "libc++";
				CLANG_ENABLE_MODULES = YES;
				CLANG_ENABLE_OBJC_ARC = YES;
				CLANG_ENABLE_OBJC_WEAK = YES;
				CLANG_WARN_BLOCK_CAPTURE_AUTORELEASING = YES;
				CLANG_WARN_BOOL_CONVERSION = YES;
				CLANG_WARN_COMMA = YES;
				CLANG_WARN_CONSTANT_CONVERSION = YES;
				CLANG_WARN_DEPRECATED_OBJC_IMPLEMENTATIONS = YES;
				CLANG_WARN_DIRECT_OBJC_ISA_USAGE = YES_ERROR;
				CLANG_WARN_DOCUMENTATION_COMMENTS = YES;
				CLANG_WARN_EMPTY_BODY = YES;
				CLANG_WARN_ENUM_CONVERSION = YES;
				CLANG_WARN_INFINITE_RECURSION = YES;
				CLANG_WARN_INT_CONVERSION = YES;
				CLANG_WARN_NON_LITERAL_NULL_CONVERSION = YES;
				CLANG_WARN_OBJC_IMPLICIT_RETAIN_SELF = YES;
				CLANG_WARN_OBJC_LITERAL_CONVERSION = YES;
				CLANG_WARN_OBJC_ROOT_CLASS = YES_ERROR;
				CLANG_WARN_QUOTED_INCLUDE_IN_FRAMEWORK_HEADER = YES;
				CLANG_WARN_RANGE_LOOP_ANALYSIS = YES;
				CLANG_WARN_STRICT_PROTOTYPES = YES;
				CLANG_WARN_SUSPICIOUS_MOVE = YES;
				CLANG_WARN_UNGUARDED_AVAILABILITY = YES_AGGRESSIVE;
				CLANG_WARN_UNREACHABLE_CODE = YES;
				CLANG_WARN__DUPLICATE_METHOD_MATCH = YES;
				COPY_PHASE_STRIP = NO;
				DEBUG_INFORMATION_FORMAT = dwarf;
				ENABLE_STRICT_OBJC_MSGSEND = YES;
				ENABLE_TESTABILITY = YES;
				GCC_C_LANGUAGE_STANDARD = gnu11;
				GCC_DYNAMIC_NO_PIC = NO;
				GCC_NO_COMMON_BLOCKS = YES;
				GCC_OPTIMIZATION_LEVEL = 0;
				GCC_PREPROCESSOR_DEFINITIONS = (
					"DEBUG=1",
					"$(inherited)",
				);
				GCC_WARN_64_TO_32_BIT_CONVERSION = YES;
				GCC_WARN_ABOUT_RETURN_TYPE = YES_ERROR;
				GCC_WARN_UNDECLARED_SELECTOR = YES;
				GCC_WARN_UNINITIALIZED_AUTOS = YES_AGGRESSIVE;
				GCC_WARN_UNUSED_FUNCTION = YES;
				GCC_WARN_UNUSED_VARIABLE = YES;
				IPHONEOS_DEPLOYMENT_TARGET = 15.0;
				MTL_ENABLE_DEBUG_INFO = INCLUDE_SOURCE;
				MTL_FAST_MATH = YES;
				ONLY_ACTIVE_ARCH = YES;
				SDKROOT = iphoneos;
				SWIFT_ACTIVE_COMPILATION_CONDITIONS = DEBUG;
				SWIFT_OPTIMIZATION_LEVEL = "-Onone";
			};
			name = Debug;
		};
		7D43CE8B274296F2006A010D /* Release */ = {
			isa = XCBuildConfiguration;
			buildSettings = {
				ALWAYS_SEARCH_USER_PATHS = NO;
				CLANG_ANALYZER_NONNULL = YES;
				CLANG_ANALYZER_NUMBER_OBJECT_CONVERSION = YES_AGGRESSIVE;
				CLANG_CXX_LANGUAGE_STANDARD = "gnu++17";
				CLANG_CXX_LIBRARY = "libc++";
				CLANG_ENABLE_MODULES = YES;
				CLANG_ENABLE_OBJC_ARC = YES;
				CLANG_ENABLE_OBJC_WEAK = YES;
				CLANG_WARN_BLOCK_CAPTURE_AUTORELEASING = YES;
				CLANG_WARN_BOOL_CONVERSION = YES;
				CLANG_WARN_COMMA = YES;
				CLANG_WARN_CONSTANT_CONVERSION = YES;
				CLANG_WARN_DEPRECATED_OBJC_IMPLEMENTATIONS = YES;
				CLANG_WARN_DIRECT_OBJC_ISA_USAGE = YES_ERROR;
				CLANG_WARN_DOCUMENTATION_COMMENTS = YES;
				CLANG_WARN_EMPTY_BODY = YES;
				CLANG_WARN_ENUM_CONVERSION = YES;
				CLANG_WARN_INFINITE_RECURSION = YES;
				CLANG_WARN_INT_CONVERSION = YES;
				CLANG_WARN_NON_LITERAL_NULL_CONVERSION = YES;
				CLANG_WARN_OBJC_IMPLICIT_RETAIN_SELF = YES;
				CLANG_WARN_OBJC_LITERAL_CONVERSION = YES;
				CLANG_WARN_OBJC_ROOT_CLASS = YES_ERROR;
				CLANG_WARN_QUOTED_INCLUDE_IN_FRAMEWORK_HEADER = YES;
				CLANG_WARN_RANGE_LOOP_ANALYSIS = YES;
				CLANG_WARN_STRICT_PROTOTYPES = YES;
				CLANG_WARN_SUSPICIOUS_MOVE = YES;
				CLANG_WARN_UNGUARDED_AVAILABILITY = YES_AGGRESSIVE;
				CLANG_WARN_UNREACHABLE_CODE = YES;
				CLANG_WARN__DUPLICATE_METHOD_MATCH = YES;
				COPY_PHASE_STRIP = NO;
				DEBUG_INFORMATION_FORMAT = "dwarf-with-dsym";
				ENABLE_NS_ASSERTIONS = NO;
				ENABLE_STRICT_OBJC_MSGSEND = YES;
				GCC_C_LANGUAGE_STANDARD = gnu11;
				GCC_NO_COMMON_BLOCKS = YES;
				GCC_WARN_64_TO_32_BIT_CONVERSION = YES;
				GCC_WARN_ABOUT_RETURN_TYPE = YES_ERROR;
				GCC_WARN_UNDECLARED_SELECTOR = YES;
				GCC_WARN_UNINITIALIZED_AUTOS = YES_AGGRESSIVE;
				GCC_WARN_UNUSED_FUNCTION = YES;
				GCC_WARN_UNUSED_VARIABLE = YES;
				IPHONEOS_DEPLOYMENT_TARGET = 15.0;
				MTL_ENABLE_DEBUG_INFO = NO;
				MTL_FAST_MATH = YES;
				SDKROOT = iphoneos;
				SWIFT_COMPILATION_MODE = wholemodule;
				SWIFT_OPTIMIZATION_LEVEL = "-O";
				VALIDATE_PRODUCT = YES;
			};
			name = Release;
		};
		7D43CE8D274296F2006A010D /* Debug */ = {
			isa = XCBuildConfiguration;
			buildSettings = {
				ASSETCATALOG_COMPILER_APPICON_NAME = AppIcon;
				ASSETCATALOG_COMPILER_GLOBAL_ACCENT_COLOR_NAME = AccentColor;
				CODE_SIGN_STYLE = Automatic;
				CURRENT_PROJECT_VERSION = 1;
				DEVELOPMENT_ASSET_PATHS = "\"Intermediate_swift/Preview Content\"";
				DEVELOPMENT_TEAM = 49G6J767SP;
				ENABLE_PREVIEWS = YES;
				GENERATE_INFOPLIST_FILE = YES;
				INFOPLIST_KEY_UIApplicationSceneManifest_Generation = YES;
				INFOPLIST_KEY_UIApplicationSupportsIndirectInputEvents = YES;
				INFOPLIST_KEY_UILaunchScreen_Generation = YES;
				INFOPLIST_KEY_UISupportedInterfaceOrientations_iPad = "UIInterfaceOrientationPortrait UIInterfaceOrientationPortraitUpsideDown UIInterfaceOrientationLandscapeLeft UIInterfaceOrientationLandscapeRight";
				INFOPLIST_KEY_UISupportedInterfaceOrientations_iPhone = "UIInterfaceOrientationPortrait UIInterfaceOrientationLandscapeLeft UIInterfaceOrientationLandscapeRight";
				LD_RUNPATH_SEARCH_PATHS = (
					"$(inherited)",
					"@executable_path/Frameworks",
				);
				MARKETING_VERSION = 1.0;
				PRODUCT_BUNDLE_IDENTIFIER = "io.github.grenos.Intermediate-swift";
				PRODUCT_NAME = "$(TARGET_NAME)";
				SWIFT_EMIT_LOC_STRINGS = YES;
				SWIFT_VERSION = 5.0;
				TARGETED_DEVICE_FAMILY = "1,2";
			};
			name = Debug;
		};
		7D43CE8E274296F2006A010D /* Release */ = {
			isa = XCBuildConfiguration;
			buildSettings = {
				ASSETCATALOG_COMPILER_APPICON_NAME = AppIcon;
				ASSETCATALOG_COMPILER_GLOBAL_ACCENT_COLOR_NAME = AccentColor;
				CODE_SIGN_STYLE = Automatic;
				CURRENT_PROJECT_VERSION = 1;
				DEVELOPMENT_ASSET_PATHS = "\"Intermediate_swift/Preview Content\"";
				DEVELOPMENT_TEAM = 49G6J767SP;
				ENABLE_PREVIEWS = YES;
				GENERATE_INFOPLIST_FILE = YES;
				INFOPLIST_KEY_UIApplicationSceneManifest_Generation = YES;
				INFOPLIST_KEY_UIApplicationSupportsIndirectInputEvents = YES;
				INFOPLIST_KEY_UILaunchScreen_Generation = YES;
				INFOPLIST_KEY_UISupportedInterfaceOrientations_iPad = "UIInterfaceOrientationPortrait UIInterfaceOrientationPortraitUpsideDown UIInterfaceOrientationLandscapeLeft UIInterfaceOrientationLandscapeRight";
				INFOPLIST_KEY_UISupportedInterfaceOrientations_iPhone = "UIInterfaceOrientationPortrait UIInterfaceOrientationLandscapeLeft UIInterfaceOrientationLandscapeRight";
				LD_RUNPATH_SEARCH_PATHS = (
					"$(inherited)",
					"@executable_path/Frameworks",
				);
				MARKETING_VERSION = 1.0;
				PRODUCT_BUNDLE_IDENTIFIER = "io.github.grenos.Intermediate-swift";
				PRODUCT_NAME = "$(TARGET_NAME)";
				SWIFT_EMIT_LOC_STRINGS = YES;
				SWIFT_VERSION = 5.0;
				TARGETED_DEVICE_FAMILY = "1,2";
			};
			name = Release;
		};
		7D43CE90274296F2006A010D /* Debug */ = {
			isa = XCBuildConfiguration;
			buildSettings = {
				ALWAYS_EMBED_SWIFT_STANDARD_LIBRARIES = YES;
				BUNDLE_LOADER = "$(TEST_HOST)";
				CODE_SIGN_STYLE = Automatic;
				CURRENT_PROJECT_VERSION = 1;
				DEVELOPMENT_TEAM = 49G6J767SP;
				GENERATE_INFOPLIST_FILE = YES;
				IPHONEOS_DEPLOYMENT_TARGET = 15.0;
				LD_RUNPATH_SEARCH_PATHS = (
					"$(inherited)",
					"@executable_path/Frameworks",
					"@loader_path/Frameworks",
				);
				MARKETING_VERSION = 1.0;
				PRODUCT_BUNDLE_IDENTIFIER = "io.github.grenos.Intermediate-swiftTests";
				PRODUCT_NAME = "$(TARGET_NAME)";
				SWIFT_EMIT_LOC_STRINGS = NO;
				SWIFT_VERSION = 5.0;
				TARGETED_DEVICE_FAMILY = "1,2";
				TEST_HOST = "$(BUILT_PRODUCTS_DIR)/Intermediate_swift.app/Intermediate_swift";
			};
			name = Debug;
		};
		7D43CE91274296F2006A010D /* Release */ = {
			isa = XCBuildConfiguration;
			buildSettings = {
				ALWAYS_EMBED_SWIFT_STANDARD_LIBRARIES = YES;
				BUNDLE_LOADER = "$(TEST_HOST)";
				CODE_SIGN_STYLE = Automatic;
				CURRENT_PROJECT_VERSION = 1;
				DEVELOPMENT_TEAM = 49G6J767SP;
				GENERATE_INFOPLIST_FILE = YES;
				IPHONEOS_DEPLOYMENT_TARGET = 15.0;
				LD_RUNPATH_SEARCH_PATHS = (
					"$(inherited)",
					"@executable_path/Frameworks",
					"@loader_path/Frameworks",
				);
				MARKETING_VERSION = 1.0;
				PRODUCT_BUNDLE_IDENTIFIER = "io.github.grenos.Intermediate-swiftTests";
				PRODUCT_NAME = "$(TARGET_NAME)";
				SWIFT_EMIT_LOC_STRINGS = NO;
				SWIFT_VERSION = 5.0;
				TARGETED_DEVICE_FAMILY = "1,2";
				TEST_HOST = "$(BUILT_PRODUCTS_DIR)/Intermediate_swift.app/Intermediate_swift";
			};
			name = Release;
		};
		7D43CE93274296F2006A010D /* Debug */ = {
			isa = XCBuildConfiguration;
			buildSettings = {
				ALWAYS_EMBED_SWIFT_STANDARD_LIBRARIES = YES;
				CODE_SIGN_STYLE = Automatic;
				CURRENT_PROJECT_VERSION = 1;
				DEVELOPMENT_TEAM = 49G6J767SP;
				GENERATE_INFOPLIST_FILE = YES;
				LD_RUNPATH_SEARCH_PATHS = (
					"$(inherited)",
					"@executable_path/Frameworks",
					"@loader_path/Frameworks",
				);
				MARKETING_VERSION = 1.0;
				PRODUCT_BUNDLE_IDENTIFIER = "io.github.grenos.Intermediate-swiftUITests";
				PRODUCT_NAME = "$(TARGET_NAME)";
				SWIFT_EMIT_LOC_STRINGS = NO;
				SWIFT_VERSION = 5.0;
				TARGETED_DEVICE_FAMILY = "1,2";
				TEST_TARGET_NAME = Intermediate_swift;
			};
			name = Debug;
		};
		7D43CE94274296F2006A010D /* Release */ = {
			isa = XCBuildConfiguration;
			buildSettings = {
				ALWAYS_EMBED_SWIFT_STANDARD_LIBRARIES = YES;
				CODE_SIGN_STYLE = Automatic;
				CURRENT_PROJECT_VERSION = 1;
				DEVELOPMENT_TEAM = 49G6J767SP;
				GENERATE_INFOPLIST_FILE = YES;
				LD_RUNPATH_SEARCH_PATHS = (
					"$(inherited)",
					"@executable_path/Frameworks",
					"@loader_path/Frameworks",
				);
				MARKETING_VERSION = 1.0;
				PRODUCT_BUNDLE_IDENTIFIER = "io.github.grenos.Intermediate-swiftUITests";
				PRODUCT_NAME = "$(TARGET_NAME)";
				SWIFT_EMIT_LOC_STRINGS = NO;
				SWIFT_VERSION = 5.0;
				TARGETED_DEVICE_FAMILY = "1,2";
				TEST_TARGET_NAME = Intermediate_swift;
			};
			name = Release;
		};
/* End XCBuildConfiguration section */

/* Begin XCConfigurationList section */
		7D43CE63274296F1006A010D /* Build configuration list for PBXProject "Intermediate_swift" */ = {
			isa = XCConfigurationList;
			buildConfigurations = (
				7D43CE8A274296F2006A010D /* Debug */,
				7D43CE8B274296F2006A010D /* Release */,
			);
			defaultConfigurationIsVisible = 0;
			defaultConfigurationName = Release;
		};
		7D43CE8C274296F2006A010D /* Build configuration list for PBXNativeTarget "Intermediate_swift" */ = {
			isa = XCConfigurationList;
			buildConfigurations = (
				7D43CE8D274296F2006A010D /* Debug */,
				7D43CE8E274296F2006A010D /* Release */,
			);
			defaultConfigurationIsVisible = 0;
			defaultConfigurationName = Release;
		};
		7D43CE8F274296F2006A010D /* Build configuration list for PBXNativeTarget "Intermediate_swiftTests" */ = {
			isa = XCConfigurationList;
			buildConfigurations = (
				7D43CE90274296F2006A010D /* Debug */,
				7D43CE91274296F2006A010D /* Release */,
			);
			defaultConfigurationIsVisible = 0;
			defaultConfigurationName = Release;
		};
		7D43CE92274296F2006A010D /* Build configuration list for PBXNativeTarget "Intermediate_swiftUITests" */ = {
			isa = XCConfigurationList;
			buildConfigurations = (
				7D43CE93274296F2006A010D /* Debug */,
				7D43CE94274296F2006A010D /* Release */,
			);
			defaultConfigurationIsVisible = 0;
			defaultConfigurationName = Release;
		};
/* End XCConfigurationList section */
	};
	rootObject = 7D43CE60274296F1006A010D /* Project object */;
}
